
Microsoft Visual Studio Solution File, Format Version 12.00
# Visual Studio Version 17
VisualStudioVersion = 17.5.33424.131
MinimumVisualStudioVersion = 10.0.40219.1
Project("{9A19103F-16F7-4668-BE54-9A1E7A4F7556}") = "BlazorSyncfusionCRM.Server", "BlazorSyncfusionCRM\Server\BlazorSyncfusionCRM.Server.csproj", "{26065852-5FA2-4CBF-A4ED-031DA3C37BDE}"
EndProject
Project("{9A19103F-16F7-4668-BE54-9A1E7A4F7556}") = "BlazorSyncfusionCRM.Client", "BlazorSyncfusionCRM\Client\BlazorSyncfusionCRM.Client.csproj", "{868AE38C-B5B5-4877-878E-D6BE4487362A}"
EndProject
Project("{9A19103F-16F7-4668-BE54-9A1E7A4F7556}") = "BlazorSyncfusionCRM.Shared", "BlazorSyncfusionCRM\Shared\BlazorSyncfusionCRM.Shared.csproj", "{5363E45C-0444-43DF-A09F-F720DBFF9553}"
EndProject
Global
	GlobalSection(SolutionConfigurationPlatforms) = preSolution
		Debug|Any CPU = Debug|Any CPU
		Release|Any CPU = Release|Any CPU
	EndGlobalSection
	GlobalSection(ProjectConfigurationPlatforms) = postSolution
		{26065852-5FA2-4CBF-A4ED-031DA3C37BDE}.Debug|Any CPU.ActiveCfg = Debug|Any CPU
		{26065852-5FA2-4CBF-A4ED-031DA3C37BDE}.Debug|Any CPU.Build.0 = Debug|Any CPU
		{26065852-5FA2-4CBF-A4ED-031DA3C37BDE}.Release|Any CPU.ActiveCfg = Release|Any CPU
		{26065852-5FA2-4CBF-A4ED-031DA3C37BDE}.Release|Any CPU.Build.0 = Release|Any CPU
		{868AE38C-B5B5-4877-878E-D6BE4487362A}.Debug|Any CPU.ActiveCfg = Debug|Any CPU
		{868AE38C-B5B5-4877-878E-D6BE4487362A}.Debug|Any CPU.Build.0 = Debug|Any CPU
		{868AE38C-B5B5-4877-878E-D6BE4487362A}.Release|Any CPU.ActiveCfg = Release|Any CPU
		{868AE38C-B5B5-4877-878E-D6BE4487362A}.Release|Any CPU.Build.0 = Release|Any CPU
		{5363E45C-0444-43DF-A09F-F720DBFF9553}.Debug|Any CPU.ActiveCfg = Debug|Any CPU
		{5363E45C-0444-43DF-A09F-F720DBFF9553}.Debug|Any CPU.Build.0 = Debug|Any CPU
		{5363E45C-0444-43DF-A09F-F720DBFF9553}.Release|Any CPU.ActiveCfg = Release|Any CPU
		{5363E45C-0444-43DF-A09F-F720DBFF9553}.Release|Any CPU.Build.0 = Release|Any CPU
	EndGlobalSection
	GlobalSection(SolutionProperties) = preSolution
		HideSolutionNode = FALSE
	EndGlobalSection
	GlobalSection(ExtensibilityGlobals) = postSolution
		SolutionGuid = {C7F57131-F676-49E4-8C10-F8829B3A536D}
	EndGlobalSection
EndGlobal
